{
  "nodes": {
    "home-manager": {
      "inputs": {
        "nixpkgs": [
          "nixpkgs"
        ]
      },
      "locked": {
        "lastModified": 1785119578,
        "narHash": "sha256-3VMVuOJ6fK+RNOXVmqusqUwQ1sDfPeddNKaM2JR/4Y0=",
        "owner": "nix-community",
        "repo": "home-manager",
        "rev": "e83dffa86cccb6237fe194d4eeb47f41557749d1",
        "type": "github"
      },
      "original": {
        "owner": "nix-community",
        "repo": "home-manager",
        "type": "github"
      }
    },
    "nixpkgs": {
      "locked": {
        "lastModified": 1785090369,
        "narHash": "sha256-m0pDuRJG7EDo9ri+4Ksu83VsI+PlxNC9lNBfydejce4=",
        "owner": "nixos",
        "repo": "nixpkgs",
        "rev": "624af665418d3c65d544145b4d34ad696439570e",
        "type": "github"
      },
      "original": {
        "owner": "nixos",
        "ref": "nixos-unstable",
        "repo": "nixpkgs",
        "type": "github"
      }
    },
    "nvim-config": {
      "flake": false,
      "locked": {
        "lastModified": 1785315432,
        "narHash": "sha256-VSFl9urVb75bj2nyIPxfc/YnSqCmAzHl/6STFtCXw9w=",
        "ref": "refs/heads/main",
        "rev": "05da3657a2b376565ff596530ea646285983510f",
        "revCount": 62,
        "type": "git",
        "url": "ssh://git@github.com/dcronin05/nvim-config.git"
      },
      "original": {
        "type": "git",
        "url": "ssh://git@github.com/dcronin05/nvim-config.git"
      }
    },
    "root": {
      "inputs": {
        "home-manager": "home-manager",
        "nixpkgs": "nixpkgs",
        "nvim-config": "nvim-config",
        "sops-nix": "sops-nix",
        "wezterm-config": "wezterm-config"
      }
    },
    "sops-nix": {
      "inputs": {
        "nixpkgs": [
          "nixpkgs"
        ]
      },
      "locked": {
        "lastModified": 1783174389,
        "narHash": "sha256-aCWC8ngycU7OdJrU2+Je3qf+1a2ykuBvpPhZT/9tXMc=",
        "owner": "Mic92",
        "repo": "sops-nix",
        "rev": "f1406619a3884cd5c47992a70b8b35c9c0fcb4c9",
        "type": "github"
      },
      "original": {
        "owner": "Mic92",
        "repo": "sops-nix",
        "type": "github"
      }
    },
    "wezterm-config": {
      "flake": false,
      "locked": {
        "lastModified": 1785312878,
        "narHash": "sha256-6wAg08TqKIcZWe09RI28aR+T2yGtqPebYlv3wBQwFrc=",
        "ref": "refs/heads/main",
        "rev": "fcfcb92a00db764230384b2f1fe6c93a66a7e0b2",
        "revCount": 5,
        "type": "git",
        "url": "ssh://git@github.com/dcronin05/wezterm-config.git"
      },
      "original": {
        "type": "git",
        "url": "ssh://git@github.com/dcronin05/wezterm-config.git"
      }
    }
  },
  "root": "root",
  "version": 7
}
